
Microsoft Visual Studio Solution File, Format Version 12.00
# Visual Studio Version 17
VisualStudioVersion = 17.0.31903.59
MinimumVisualStudioVersion = 10.0.40219.1
Project("{FAE04EC0-301F-11D3-BF4B-00C04F79EFBC}") = "GitHubAgent", "01-simple-agent\GitHubAgent\GitHubAgent.csproj", "{36C96766-5EC6-4D21-8C5F-D3E3C3DFC102}"
EndProject
Project("{FAE04EC0-301F-11D3-BF4B-00C04F79EFBC}") = "SupportSkillsFunctionApp", "02-custom-functions\SupportSkillsFunctionApp\SupportSkillsFunctionApp.csproj", "{78FECF4D-38D5-4782-966A-1D52D1CE6DAD}"
EndProject
Project("{FAE04EC0-301F-11D3-BF4B-00C04F79EFBC}") = "SupportTicketAgent", "02-custom-functions\SupportTicketAgent\SupportTicketAgent.csproj", "{A027F792-C1EA-4CC1-8CDE-2DE18485CED2}"
EndProject
Project("{FAE04EC0-301F-11D3-BF4B-00C04F79EFBC}") = "FrontEndAgent", "03-multi-agent\FrontEndAgent\FrontEndAgent.csproj", "{867DCF32-B6BA-4E94-A079-DB831FA73C45}"
EndProject
Project("{FAE04EC0-301F-11D3-BF4B-00C04F79EFBC}") = "MsLearnMcpAgent", "04-mcp-tools\MsLearnMcpAgent\MsLearnMcpAgent.csproj", "{57F48172-BF9D-4777-8E7F-E0CB2B565C6D}"
EndProject
Project("{FAE04EC0-301F-11D3-BF4B-00C04F79EFBC}") = "ExpenseClaimAgent", "05-semantic-kernel\ExpenseClaimAgent\ExpenseClaimAgent.csproj", "{78F40A7D-86FF-459C-A534-26E966DCDB86}"
EndProject
Project("{FAE04EC0-301F-11D3-BF4B-00C04F79EFBC}") = "CustomerFeedbackOrchestration", "06-orchestration\CustomerFeedbackOrchestration\CustomerFeedbackOrchestration.csproj", "{B2CA4128-3740-4B5D-948A-5C0820E85B83}"
EndProject
Project("{FAE04EC0-301F-11D3-BF4B-00C04F79EFBC}") = "A2AClient", "07-a2a\A2AClient\A2AClient.csproj", "{ABBE823F-1AD7-4FAC-BF5B-8D575FE9AA03}"
EndProject
Project("{FAE04EC0-301F-11D3-BF4B-00C04F79EFBC}") = "A2AHost", "07-a2a\A2AHost\A2AHost.csproj", "{F20D2673-99C9-447B-9468-5E87386146D9}"
EndProject
Project("{FAE04EC0-301F-11D3-BF4B-00C04F79EFBC}") = "A2ARemoteAgents", "07-a2a\A2ARemoteAgents\A2ARemoteAgents.csproj", "{873B2492-9C1D-4FB3-923B-0CDB2942F1BD}"
EndProject
Project("{FAE04EC0-301F-11D3-BF4B-00C04F79EFBC}") = "FoundryWorkflowDemo", "08-foundry-workflow\FoundryWorkflowDemo\FoundryWorkflowDemo.csproj", "{DF6DAD48-DB40-4B53-A07E-A94F4CEFF1E3}"
EndProject
Project("{FAE04EC0-301F-11D3-BF4B-00C04F79EFBC}") = "FoundryIQClient", "09-foundry-iq\FoundryIQClient\FoundryIQClient.csproj", "{6E218040-630B-4341-B74C-2AE91F8FAE04}"
EndProject
Project("{FAE04EC0-301F-11D3-BF4B-00C04F79EFBC}") = "AgentWebApp", "AgentWebApp.csproj", "{3D1D88B4-5A1C-4B7E-9D1A-29A37F0D07B4}"
EndProject
Global
	GlobalSection(SolutionConfigurationPlatforms) = preSolution
		Debug|Any CPU = Debug|Any CPU
		Debug|x64 = Debug|x64
		Debug|x86 = Debug|x86
		Release|Any CPU = Release|Any CPU
		Release|x64 = Release|x64
		Release|x86 = Release|x86
	EndGlobalSection
	GlobalSection(ProjectConfigurationPlatforms) = postSolution
		{36C96766-5EC6-4D21-8C5F-D3E3C3DFC102}.Debug|Any CPU.ActiveCfg = Debug|Any CPU
		{36C96766-5EC6-4D21-8C5F-D3E3C3DFC102}.Debug|Any CPU.Build.0 = Debug|Any CPU
		{36C96766-5EC6-4D21-8C5F-D3E3C3DFC102}.Debug|x64.ActiveCfg = Debug|Any CPU
		{36C96766-5EC6-4D21-8C5F-D3E3C3DFC102}.Debug|x64.Build.0 = Debug|Any CPU
		{36C96766-5EC6-4D21-8C5F-D3E3C3DFC102}.Debug|x86.ActiveCfg = Debug|Any CPU
		{36C96766-5EC6-4D21-8C5F-D3E3C3DFC102}.Debug|x86.Build.0 = Debug|Any CPU
		{36C96766-5EC6-4D21-8C5F-D3E3C3DFC102}.Release|Any CPU.ActiveCfg = Release|Any CPU
		{36C96766-5EC6-4D21-8C5F-D3E3C3DFC102}.Release|Any CPU.Build.0 = Release|Any CPU
		{36C96766-5EC6-4D21-8C5F-D3E3C3DFC102}.Release|x64.ActiveCfg = Release|Any CPU
		{36C96766-5EC6-4D21-8C5F-D3E3C3DFC102}.Release|x64.Build.0 = Release|Any CPU
		{36C96766-5EC6-4D21-8C5F-D3E3C3DFC102}.Release|x86.ActiveCfg = Release|Any CPU
		{36C96766-5EC6-4D21-8C5F-D3E3C3DFC102}.Release|x86.Build.0 = Release|Any CPU
		{78FECF4D-38D5-4782-966A-1D52D1CE6DAD}.Debug|Any CPU.ActiveCfg = Debug|Any CPU
		{78FECF4D-38D5-4782-966A-1D52D1CE6DAD}.Debug|Any CPU.Build.0 = Debug|Any CPU
		{78FECF4D-38D5-4782-966A-1D52D1CE6DAD}.Debug|x64.ActiveCfg = Debug|Any CPU
		{78FECF4D-38D5-4782-966A-1D52D1CE6DAD}.Debug|x64.Build.0 = Debug|Any CPU
		{78FECF4D-38D5-4782-966A-1D52D1CE6DAD}.Debug|x86.ActiveCfg = Debug|Any CPU
		{78FECF4D-38D5-4782-966A-1D52D1CE6DAD}.Debug|x86.Build.0 = Debug|Any CPU
		{78FECF4D-38D5-4782-966A-1D52D1CE6DAD}.Release|Any CPU.ActiveCfg = Release|Any CPU
		{78FECF4D-38D5-4782-966A-1D52D1CE6DAD}.Release|Any CPU.Build.0 = Release|Any CPU
		{78FECF4D-38D5-4782-966A-1D52D1CE6DAD}.Release|x64.ActiveCfg = Release|Any CPU
		{78FECF4D-38D5-4782-966A-1D52D1CE6DAD}.Release|x64.Build.0 = Release|Any CPU
		{78FECF4D-38D5-4782-966A-1D52D1CE6DAD}.Release|x86.ActiveCfg = Release|Any CPU
		{78FECF4D-38D5-4782-966A-1D52D1CE6DAD}.Release|x86.Build.0 = Release|Any CPU
		{A027F792-C1EA-4CC1-8CDE-2DE18485CED2}.Debug|Any CPU.ActiveCfg = Debug|Any CPU
		{A027F792-C1EA-4CC1-8CDE-2DE18485CED2}.Debug|Any CPU.Build.0 = Debug|Any CPU
		{A027F792-C1EA-4CC1-8CDE-2DE18485CED2}.Debug|x64.ActiveCfg = Debug|Any CPU
		{A027F792-C1EA-4CC1-8CDE-2DE18485CED2}.Debug|x64.Build.0 = Debug|Any CPU
		{A027F792-C1EA-4CC1-8CDE-2DE18485CED2}.Debug|x86.ActiveCfg = Debug|Any CPU
		{A027F792-C1EA-4CC1-8CDE-2DE18485CED2}.Debug|x86.Build.0 = Debug|Any CPU
		{A027F792-C1EA-4CC1-8CDE-2DE18485CED2}.Release|Any CPU.ActiveCfg = Release|Any CPU
		{A027F792-C1EA-4CC1-8CDE-2DE18485CED2}.Release|Any CPU.Build.0 = Release|Any CPU
		{A027F792-C1EA-4CC1-8CDE-2DE18485CED2}.Release|x64.ActiveCfg = Release|Any CPU
		{A027F792-C1EA-4CC1-8CDE-2DE18485CED2}.Release|x64.Build.0 = Release|Any CPU
		{A027F792-C1EA-4CC1-8CDE-2DE18485CED2}.Release|x86.ActiveCfg = Release|Any CPU
		{A027F792-C1EA-4CC1-8CDE-2DE18485CED2}.Release|x86.Build.0 = Release|Any CPU
		{867DCF32-B6BA-4E94-A079-DB831FA73C45}.Debug|Any CPU.ActiveCfg = Debug|Any CPU
		{867DCF32-B6BA-4E94-A079-DB831FA73C45}.Debug|Any CPU.Build.0 = Debug|Any CPU
		{867DCF32-B6BA-4E94-A079-DB831FA73C45}.Debug|x64.ActiveCfg = Debug|Any CPU
		{867DCF32-B6BA-4E94-A079-DB831FA73C45}.Debug|x64.Build.0 = Debug|Any CPU
		{867DCF32-B6BA-4E94-A079-DB831FA73C45}.Debug|x86.ActiveCfg = Debug|Any CPU
		{867DCF32-B6BA-4E94-A079-DB831FA73C45}.Debug|x86.Build.0 = Debug|Any CPU
		{867DCF32-B6BA-4E94-A079-DB831FA73C45}.Release|Any CPU.ActiveCfg = Release|Any CPU
		{867DCF32-B6BA-4E94-A079-DB831FA73C45}.Release|Any CPU.Build.0 = Release|Any CPU
		{867DCF32-B6BA-4E94-A079-DB831FA73C45}.Release|x64.ActiveCfg = Release|Any CPU
		{867DCF32-B6BA-4E94-A079-DB831FA73C45}.Release|x64.Build.0 = Release|Any CPU
		{867DCF32-B6BA-4E94-A079-DB831FA73C45}.Release|x86.ActiveCfg = Release|Any CPU
		{867DCF32-B6BA-4E94-A079-DB831FA73C45}.Release|x86.Build.0 = Release|Any CPU
		{57F48172-BF9D-4777-8E7F-E0CB2B565C6D}.Debug|Any CPU.ActiveCfg = Debug|Any CPU
		{57F48172-BF9D-4777-8E7F-E0CB2B565C6D}.Debug|Any CPU.Build.0 = Debug|Any CPU
		{57F48172-BF9D-4777-8E7F-E0CB2B565C6D}.Debug|x64.ActiveCfg = Debug|Any CPU
		{57F48172-BF9D-4777-8E7F-E0CB2B565C6D}.Debug|x64.Build.0 = Debug|Any CPU
		{57F48172-BF9D-4777-8E7F-E0CB2B565C6D}.Debug|x86.ActiveCfg = Debug|Any CPU
		{57F48172-BF9D-4777-8E7F-E0CB2B565C6D}.Debug|x86.Build.0 = Debug|Any CPU
		{57F48172-BF9D-4777-8E7F-E0CB2B565C6D}.Release|Any CPU.ActiveCfg = Release|Any CPU
		{57F48172-BF9D-4777-8E7F-E0CB2B565C6D}.Release|Any CPU.Build.0 = Release|Any CPU
		{57F48172-BF9D-4777-8E7F-E0CB2B565C6D}.Release|x64.ActiveCfg = Release|Any CPU
		{57F48172-BF9D-4777-8E7F-E0CB2B565C6D}.Release|x64.Build.0 = Release|Any CPU
		{57F48172-BF9D-4777-8E7F-E0CB2B565C6D}.Release|x86.ActiveCfg = Release|Any CPU
		{57F48172-BF9D-4777-8E7F-E0CB2B565C6D}.Release|x86.Build.0 = Release|Any CPU
		{78F40A7D-86FF-459C-A534-26E966DCDB86}.Debug|Any CPU.ActiveCfg = Debug|Any CPU
		{78F40A7D-86FF-459C-A534-26E966DCDB86}.Debug|Any CPU.Build.0 = Debug|Any CPU
		{78F40A7D-86FF-459C-A534-26E966DCDB86}.Debug|x64.ActiveCfg = Debug|Any CPU
		{78F40A7D-86FF-459C-A534-26E966DCDB86}.Debug|x64.Build.0 = Debug|Any CPU
		{78F40A7D-86FF-459C-A534-26E966DCDB86}.Debug|x86.ActiveCfg = Debug|Any CPU
		{78F40A7D-86FF-459C-A534-26E966DCDB86}.Debug|x86.Build.0 = Debug|Any CPU
		{78F40A7D-86FF-459C-A534-26E966DCDB86}.Release|Any CPU.ActiveCfg = Release|Any CPU
		{78F40A7D-86FF-459C-A534-26E966DCDB86}.Release|Any CPU.Build.0 = Release|Any CPU
		{78F40A7D-86FF-459C-A534-26E966DCDB86}.Release|x64.ActiveCfg = Release|Any CPU
		{78F40A7D-86FF-459C-A534-26E966DCDB86}.Release|x64.Build.0 = Release|Any CPU
		{78F40A7D-86FF-459C-A534-26E966DCDB86}.Release|x86.ActiveCfg = Release|Any CPU
		{78F40A7D-86FF-459C-A534-26E966DCDB86}.Release|x86.Build.0 = Release|Any CPU
		{B2CA4128-3740-4B5D-948A-5C0820E85B83}.Debug|Any CPU.ActiveCfg = Debug|Any CPU
		{B2CA4128-3740-4B5D-948A-5C0820E85B83}.Debug|Any CPU.Build.0 = Debug|Any CPU
		{B2CA4128-3740-4B5D-948A-5C0820E85B83}.Debug|x64.ActiveCfg = Debug|Any CPU
		{B2CA4128-3740-4B5D-948A-5C0820E85B83}.Debug|x64.Build.0 = Debug|Any CPU
		{B2CA4128-3740-4B5D-948A-5C0820E85B83}.Debug|x86.ActiveCfg = Debug|Any CPU
		{B2CA4128-3740-4B5D-948A-5C0820E85B83}.Debug|x86.Build.0 = Debug|Any CPU
		{B2CA4128-3740-4B5D-948A-5C0820E85B83}.Release|Any CPU.ActiveCfg = Release|Any CPU
		{B2CA4128-3740-4B5D-948A-5C0820E85B83}.Release|Any CPU.Build.0 = Release|Any CPU
		{B2CA4128-3740-4B5D-948A-5C0820E85B83}.Release|x64.ActiveCfg = Release|Any CPU
		{B2CA4128-3740-4B5D-948A-5C0820E85B83}.Release|x64.Build.0 = Release|Any CPU
		{B2CA4128-3740-4B5D-948A-5C0820E85B83}.Release|x86.ActiveCfg = Release|Any CPU
		{B2CA4128-3740-4B5D-948A-5C0820E85B83}.Release|x86.Build.0 = Release|Any CPU
		{ABBE823F-1AD7-4FAC-BF5B-8D575FE9AA03}.Debug|Any CPU.ActiveCfg = Debug|Any CPU
		{ABBE823F-1AD7-4FAC-BF5B-8D575FE9AA03}.Debug|Any CPU.Build.0 = Debug|Any CPU
		{ABBE823F-1AD7-4FAC-BF5B-8D575FE9AA03}.Debug|x64.ActiveCfg = Debug|Any CPU
		{ABBE823F-1AD7-4FAC-BF5B-8D575FE9AA03}.Debug|x64.Build.0 = Debug|Any CPU
		{ABBE823F-1AD7-4FAC-BF5B-8D575FE9AA03}.Debug|x86.ActiveCfg = Debug|Any CPU
		{ABBE823F-1AD7-4FAC-BF5B-8D575FE9AA03}.Debug|x86.Build.0 = Debug|Any CPU
		{ABBE823F-1AD7-4FAC-BF5B-8D575FE9AA03}.Release|Any CPU.ActiveCfg = Release|Any CPU
		{ABBE823F-1AD7-4FAC-BF5B-8D575FE9AA03}.Release|Any CPU.Build.0 = Release|Any CPU
		{ABBE823F-1AD7-4FAC-BF5B-8D575FE9AA03}.Release|x64.ActiveCfg = Release|Any CPU
		{ABBE823F-1AD7-4FAC-BF5B-8D575FE9AA03}.Release|x64.Build.0 = Release|Any CPU
		{ABBE823F-1AD7-4FAC-BF5B-8D575FE9AA03}.Release|x86.ActiveCfg = Release|Any CPU
		{ABBE823F-1AD7-4FAC-BF5B-8D575FE9AA03}.Release|x86.Build.0 = Release|Any CPU
		{F20D2673-99C9-447B-9468-5E87386146D9}.Debug|Any CPU.ActiveCfg = Debug|Any CPU
		{F20D2673-99C9-447B-9468-5E87386146D9}.Debug|Any CPU.Build.0 = Debug|Any CPU
		{F20D2673-99C9-447B-9468-5E87386146D9}.Debug|x64.ActiveCfg = Debug|Any CPU
		{F20D2673-99C9-447B-9468-5E87386146D9}.Debug|x64.Build.0 = Debug|Any CPU
		{F20D2673-99C9-447B-9468-5E87386146D9}.Debug|x86.ActiveCfg = Debug|Any CPU
		{F20D2673-99C9-447B-9468-5E87386146D9}.Debug|x86.Build.0 = Debug|Any CPU
		{F20D2673-99C9-447B-9468-5E87386146D9}.Release|Any CPU.ActiveCfg = Release|Any CPU
		{F20D2673-99C9-447B-9468-5E87386146D9}.Release|Any CPU.Build.0 = Release|Any CPU
		{F20D2673-99C9-447B-9468-5E87386146D9}.Release|x64.ActiveCfg = Release|Any CPU
		{F20D2673-99C9-447B-9468-5E87386146D9}.Release|x64.Build.0 = Release|Any CPU
		{F20D2673-99C9-447B-9468-5E87386146D9}.Release|x86.ActiveCfg = Release|Any CPU
		{F20D2673-99C9-447B-9468-5E87386146D9}.Release|x86.Build.0 = Release|Any CPU
		{873B2492-9C1D-4FB3-923B-0CDB2942F1BD}.Debug|Any CPU.ActiveCfg = Debug|Any CPU
		{873B2492-9C1D-4FB3-923B-0CDB2942F1BD}.Debug|Any CPU.Build.0 = Debug|Any CPU
		{873B2492-9C1D-4FB3-923B-0CDB2942F1BD}.Debug|x64.ActiveCfg = Debug|Any CPU
		{873B2492-9C1D-4FB3-923B-0CDB2942F1BD}.Debug|x64.Build.0 = Debug|Any CPU
		{873B2492-9C1D-4FB3-923B-0CDB2942F1BD}.Debug|x86.ActiveCfg = Debug|Any CPU
		{873B2492-9C1D-4FB3-923B-0CDB2942F1BD}.Debug|x86.Build.0 = Debug|Any CPU
		{873B2492-9C1D-4FB3-923B-0CDB2942F1BD}.Release|Any CPU.ActiveCfg = Release|Any CPU
		{873B2492-9C1D-4FB3-923B-0CDB2942F1BD}.Release|Any CPU.Build.0 = Release|Any CPU
		{873B2492-9C1D-4FB3-923B-0CDB2942F1BD}.Release|x64.ActiveCfg = Release|Any CPU
		{873B2492-9C1D-4FB3-923B-0CDB2942F1BD}.Release|x64.Build.0 = Release|Any CPU
		{873B2492-9C1D-4FB3-923B-0CDB2942F1BD}.Release|x86.ActiveCfg = Release|Any CPU
		{873B2492-9C1D-4FB3-923B-0CDB2942F1BD}.Release|x86.Build.0 = Release|Any CPU
		{DF6DAD48-DB40-4B53-A07E-A94F4CEFF1E3}.Debug|Any CPU.ActiveCfg = Debug|Any CPU
		{DF6DAD48-DB40-4B53-A07E-A94F4CEFF1E3}.Debug|Any CPU.Build.0 = Debug|Any CPU
		{DF6DAD48-DB40-4B53-A07E-A94F4CEFF1E3}.Debug|x64.ActiveCfg = Debug|Any CPU
		{DF6DAD48-DB40-4B53-A07E-A94F4CEFF1E3}.Debug|x64.Build.0 = Debug|Any CPU
		{DF6DAD48-DB40-4B53-A07E-A94F4CEFF1E3}.Debug|x86.ActiveCfg = Debug|Any CPU
		{DF6DAD48-DB40-4B53-A07E-A94F4CEFF1E3}.Debug|x86.Build.0 = Debug|Any CPU
		{DF6DAD48-DB40-4B53-A07E-A94F4CEFF1E3}.Release|Any CPU.ActiveCfg = Release|Any CPU
		{DF6DAD48-DB40-4B53-A07E-A94F4CEFF1E3}.Release|Any CPU.Build.0 = Release|Any CPU
		{DF6DAD48-DB40-4B53-A07E-A94F4CEFF1E3}.Release|x64.ActiveCfg = Release|Any CPU
		{DF6DAD48-DB40-4B53-A07E-A94F4CEFF1E3}.Release|x64.Build.0 = Release|Any CPU
		{DF6DAD48-DB40-4B53-A07E-A94F4CEFF1E3}.Release|x86.ActiveCfg = Release|Any CPU
		{DF6DAD48-DB40-4B53-A07E-A94F4CEFF1E3}.Release|x86.Build.0 = Release|Any CPU
		{6E218040-630B-4341-B74C-2AE91F8FAE04}.Debug|Any CPU.ActiveCfg = Debug|Any CPU
		{6E218040-630B-4341-B74C-2AE91F8FAE04}.Debug|Any CPU.Build.0 = Debug|Any CPU
		{6E218040-630B-4341-B74C-2AE91F8FAE04}.Debug|x64.ActiveCfg = Debug|Any CPU
		{6E218040-630B-4341-B74C-2AE91F8FAE04}.Debug|x64.Build.0 = Debug|Any CPU
		{6E218040-630B-4341-B74C-2AE91F8FAE04}.Debug|x86.ActiveCfg = Debug|Any CPU
		{6E218040-630B-4341-B74C-2AE91F8FAE04}.Debug|x86.Build.0 = Debug|Any CPU
		{6E218040-630B-4341-B74C-2AE91F8FAE04}.Release|Any CPU.ActiveCfg = Release|Any CPU
		{6E218040-630B-4341-B74C-2AE91F8FAE04}.Release|Any CPU.Build.0 = Release|Any CPU
		{6E218040-630B-4341-B74C-2AE91F8FAE04}.Release|x64.ActiveCfg = Release|Any CPU
		{6E218040-630B-4341-B74C-2AE91F8FAE04}.Release|x64.Build.0 = Release|Any CPU
		{6E218040-630B-4341-B74C-2AE91F8FAE04}.Release|x86.ActiveCfg = Release|Any CPU
		{6E218040-630B-4341-B74C-2AE91F8FAE04}.Release|x86.Build.0 = Release|Any CPU
		{3D1D88B4-5A1C-4B7E-9D1A-29A37F0D07B4}.Debug|Any CPU.ActiveCfg = Debug|Any CPU
		{3D1D88B4-5A1C-4B7E-9D1A-29A37F0D07B4}.Debug|Any CPU.Build.0 = Debug|Any CPU
		{3D1D88B4-5A1C-4B7E-9D1A-29A37F0D07B4}.Debug|x64.ActiveCfg = Debug|Any CPU
		{3D1D88B4-5A1C-4B7E-9D1A-29A37F0D07B4}.Debug|x64.Build.0 = Debug|Any CPU
		{3D1D88B4-5A1C-4B7E-9D1A-29A37F0D07B4}.Debug|x86.ActiveCfg = Debug|Any CPU
		{3D1D88B4-5A1C-4B7E-9D1A-29A37F0D07B4}.Debug|x86.Build.0 = Debug|Any CPU
		{3D1D88B4-5A1C-4B7E-9D1A-29A37F0D07B4}.Release|Any CPU.ActiveCfg = Release|Any CPU
		{3D1D88B4-5A1C-4B7E-9D1A-29A37F0D07B4}.Release|Any CPU.Build.0 = Release|Any CPU
		{3D1D88B4-5A1C-4B7E-9D1A-29A37F0D07B4}.Release|x64.ActiveCfg = Release|Any CPU
		{3D1D88B4-5A1C-4B7E-9D1A-29A37F0D07B4}.Release|x64.Build.0 = Release|Any CPU
		{3D1D88B4-5A1C-4B7E-9D1A-29A37F0D07B4}.Release|x86.ActiveCfg = Release|Any CPU
		{3D1D88B4-5A1C-4B7E-9D1A-29A37F0D07B4}.Release|x86.Build.0 = Release|Any CPU
	EndGlobalSection
	GlobalSection(SolutionProperties) = preSolution
		HideSolutionNode = FALSE
	EndGlobalSection
EndGlobal
