
Microsoft Visual Studio Solution File, Format Version 12.00
# Visual Studio Version 17
VisualStudioVersion = 17.0.31903.59
MinimumVisualStudioVersion = 10.0.40219.1
Project("{2150E333-8FDC-42A3-9474-1A3956D46DE8}") = "Labfiles", "Labfiles", "{E34FE7DF-E823-91FC-26CE-DC3F33A9AAE2}"
EndProject
Project("{2150E333-8FDC-42A3-9474-1A3956D46DE8}") = "02-build-ai-agent", "02-build-ai-agent", "{5E60D1FC-8BF6-C485-2162-7273D077F39E}"
EndProject
Project("{2150E333-8FDC-42A3-9474-1A3956D46DE8}") = "dotnet", "dotnet", "{BDF7BD50-6F36-E209-F878-4C57FB68AA6D}"
EndProject
Project("{FAE04EC0-301F-11D3-BF4B-00C04F79EFBC}") = "GitHubAgent", "Labfiles\02-build-ai-agent\dotnet\GitHubAgent\GitHubAgent.csproj", "{36C96766-5EC6-4D21-8C5F-D3E3C3DFC102}"
EndProject
Project("{2150E333-8FDC-42A3-9474-1A3956D46DE8}") = "03-agent-custom-functions", "03-agent-custom-functions", "{9825BA05-4924-C442-CAC9-D2109DB7C49A}"
EndProject
Project("{2150E333-8FDC-42A3-9474-1A3956D46DE8}") = "dotnet", "dotnet", "{4B10FFD7-7498-C8C7-8FC9-A555F42BCA83}"
EndProject
Project("{FAE04EC0-301F-11D3-BF4B-00C04F79EFBC}") = "SupportSkillsFunctionApp", "Labfiles\03-agent-custom-functions\dotnet\SupportSkillsFunctionApp\SupportSkillsFunctionApp.csproj", "{78FECF4D-38D5-4782-966A-1D52D1CE6DAD}"
EndProject
Project("{FAE04EC0-301F-11D3-BF4B-00C04F79EFBC}") = "SupportTicketAgent", "Labfiles\03-agent-custom-functions\dotnet\SupportTicketAgent\SupportTicketAgent.csproj", "{A027F792-C1EA-4CC1-8CDE-2DE18485CED2}"
EndProject
Project("{2150E333-8FDC-42A3-9474-1A3956D46DE8}") = "03b-build-multi-agent-solution", "03b-build-multi-agent-solution", "{D9CB1030-2473-D3BE-1C7C-6761CE16C84E}"
EndProject
Project("{2150E333-8FDC-42A3-9474-1A3956D46DE8}") = "dotnet", "dotnet", "{3BA9F8E6-9472-EB56-7B16-785C908D72C5}"
EndProject
Project("{FAE04EC0-301F-11D3-BF4B-00C04F79EFBC}") = "FrontEndAgent", "Labfiles\03b-build-multi-agent-solution\dotnet\FrontEndAgent\FrontEndAgent.csproj", "{867DCF32-B6BA-4E94-A079-DB831FA73C45}"
EndProject
Project("{2150E333-8FDC-42A3-9474-1A3956D46DE8}") = "03c-use-agent-tools-with-mcp", "03c-use-agent-tools-with-mcp", "{A23995BC-B8A6-243F-3FE4-F75F202E2FF9}"
EndProject
Project("{2150E333-8FDC-42A3-9474-1A3956D46DE8}") = "dotnet", "dotnet", "{2D115053-B6C5-113E-F3A1-8A63898C5950}"
EndProject
Project("{FAE04EC0-301F-11D3-BF4B-00C04F79EFBC}") = "MsLearnMcpAgent", "Labfiles\03c-use-agent-tools-with-mcp\dotnet\MsLearnMcpAgent\MsLearnMcpAgent.csproj", "{57F48172-BF9D-4777-8E7F-E0CB2B565C6D}"
EndProject
Project("{2150E333-8FDC-42A3-9474-1A3956D46DE8}") = "04-semantic-kernel", "04-semantic-kernel", "{A59DBA4B-394D-A497-7223-4F08BE606F99}"
EndProject
Project("{2150E333-8FDC-42A3-9474-1A3956D46DE8}") = "dotnet", "dotnet", "{5B833F70-BB68-EF27-FBD1-4930257F5E5F}"
EndProject
Project("{FAE04EC0-301F-11D3-BF4B-00C04F79EFBC}") = "ExpenseClaimAgent", "Labfiles\04-semantic-kernel\dotnet\ExpenseClaimAgent\ExpenseClaimAgent.csproj", "{78F40A7D-86FF-459C-A534-26E966DCDB86}"
EndProject
Project("{2150E333-8FDC-42A3-9474-1A3956D46DE8}") = "05-agent-orchestration", "05-agent-orchestration", "{B90CC9C9-2F6D-5796-A6D6-346347A24271}"
EndProject
Project("{2150E333-8FDC-42A3-9474-1A3956D46DE8}") = "dotnet", "dotnet", "{79948F0F-F97F-031D-5F07-69B882E031AE}"
EndProject
Project("{FAE04EC0-301F-11D3-BF4B-00C04F79EFBC}") = "CustomerFeedbackOrchestration", "Labfiles\05-agent-orchestration\dotnet\CustomerFeedbackOrchestration\CustomerFeedbackOrchestration.csproj", "{B2CA4128-3740-4B5D-948A-5C0820E85B83}"
EndProject
Project("{2150E333-8FDC-42A3-9474-1A3956D46DE8}") = "06-multi-remote-agents-with-a2a", "06-multi-remote-agents-with-a2a", "{08091D38-6067-3F5A-65E4-EDA3B2D9BBBE}"
EndProject
Project("{2150E333-8FDC-42A3-9474-1A3956D46DE8}") = "dotnet", "dotnet", "{27C2BE5D-3A17-954A-0EEF-8F9E662CE1BD}"
EndProject
Project("{FAE04EC0-301F-11D3-BF4B-00C04F79EFBC}") = "A2AClient", "Labfiles\06-multi-remote-agents-with-a2a\dotnet\A2AClient\A2AClient.csproj", "{ABBE823F-1AD7-4FAC-BF5B-8D575FE9AA03}"
EndProject
Project("{FAE04EC0-301F-11D3-BF4B-00C04F79EFBC}") = "A2AHost", "Labfiles\06-multi-remote-agents-with-a2a\dotnet\A2AHost\A2AHost.csproj", "{F20D2673-99C9-447B-9468-5E87386146D9}"
EndProject
Project("{FAE04EC0-301F-11D3-BF4B-00C04F79EFBC}") = "A2ARemoteAgents", "Labfiles\06-multi-remote-agents-with-a2a\dotnet\A2ARemoteAgents\A2ARemoteAgents.csproj", "{873B2492-9C1D-4FB3-923B-0CDB2942F1BD}"
EndProject
Project("{2150E333-8FDC-42A3-9474-1A3956D46DE8}") = "08-build-workflow-ms-foundry", "08-build-workflow-ms-foundry", "{F228367D-FAC5-5D54-2DC8-B5487C60280D}"
EndProject
Project("{2150E333-8FDC-42A3-9474-1A3956D46DE8}") = "dotnet", "dotnet", "{23BCF1E1-FB2A-531D-C565-644C33C72B15}"
EndProject
Project("{FAE04EC0-301F-11D3-BF4B-00C04F79EFBC}") = "FoundryWorkflowDemo", "Labfiles\08-build-workflow-ms-foundry\dotnet\FoundryWorkflowDemo\FoundryWorkflowDemo.csproj", "{DF6DAD48-DB40-4B53-A07E-A94F4CEFF1E3}"
EndProject
Project("{2150E333-8FDC-42A3-9474-1A3956D46DE8}") = "09-integrate-agent-with-foundry-iq", "09-integrate-agent-with-foundry-iq", "{89154C5F-4336-ECBA-CF6F-79D9D01080B1}"
EndProject
Project("{2150E333-8FDC-42A3-9474-1A3956D46DE8}") = "dotnet", "dotnet", "{3E06F328-BAED-94AA-59B9-6866C21B51C4}"
EndProject
Project("{FAE04EC0-301F-11D3-BF4B-00C04F79EFBC}") = "FoundryIQClient", "Labfiles\09-integrate-agent-with-foundry-iq\dotnet\FoundryIQClient\FoundryIQClient.csproj", "{6E218040-630B-4341-B74C-2AE91F8FAE04}"
EndProject
Global
	GlobalSection(SolutionConfigurationPlatforms) = preSolution
		Debug|Any CPU = Debug|Any CPU
		Debug|x64 = Debug|x64
		Debug|x86 = Debug|x86
		Release|Any CPU = Release|Any CPU
		Release|x64 = Release|x64
		Release|x86 = Release|x86
	EndGlobalSection
	GlobalSection(ProjectConfigurationPlatforms) = postSolution
		{36C96766-5EC6-4D21-8C5F-D3E3C3DFC102}.Debug|Any CPU.ActiveCfg = Debug|Any CPU
		{36C96766-5EC6-4D21-8C5F-D3E3C3DFC102}.Debug|Any CPU.Build.0 = Debug|Any CPU
		{36C96766-5EC6-4D21-8C5F-D3E3C3DFC102}.Debug|x64.ActiveCfg = Debug|Any CPU
		{36C96766-5EC6-4D21-8C5F-D3E3C3DFC102}.Debug|x64.Build.0 = Debug|Any CPU
		{36C96766-5EC6-4D21-8C5F-D3E3C3DFC102}.Debug|x86.ActiveCfg = Debug|Any CPU
		{36C96766-5EC6-4D21-8C5F-D3E3C3DFC102}.Debug|x86.Build.0 = Debug|Any CPU
		{36C96766-5EC6-4D21-8C5F-D3E3C3DFC102}.Release|Any CPU.ActiveCfg = Release|Any CPU
		{36C96766-5EC6-4D21-8C5F-D3E3C3DFC102}.Release|Any CPU.Build.0 = Release|Any CPU
		{36C96766-5EC6-4D21-8C5F-D3E3C3DFC102}.Release|x64.ActiveCfg = Release|Any CPU
		{36C96766-5EC6-4D21-8C5F-D3E3C3DFC102}.Release|x64.Build.0 = Release|Any CPU
		{36C96766-5EC6-4D21-8C5F-D3E3C3DFC102}.Release|x86.ActiveCfg = Release|Any CPU
		{36C96766-5EC6-4D21-8C5F-D3E3C3DFC102}.Release|x86.Build.0 = Release|Any CPU
		{78FECF4D-38D5-4782-966A-1D52D1CE6DAD}.Debug|Any CPU.ActiveCfg = Debug|Any CPU
		{78FECF4D-38D5-4782-966A-1D52D1CE6DAD}.Debug|Any CPU.Build.0 = Debug|Any CPU
		{78FECF4D-38D5-4782-966A-1D52D1CE6DAD}.Debug|x64.ActiveCfg = Debug|Any CPU
		{78FECF4D-38D5-4782-966A-1D52D1CE6DAD}.Debug|x64.Build.0 = Debug|Any CPU
		{78FECF4D-38D5-4782-966A-1D52D1CE6DAD}.Debug|x86.ActiveCfg = Debug|Any CPU
		{78FECF4D-38D5-4782-966A-1D52D1CE6DAD}.Debug|x86.Build.0 = Debug|Any CPU
		{78FECF4D-38D5-4782-966A-1D52D1CE6DAD}.Release|Any CPU.ActiveCfg = Release|Any CPU
		{78FECF4D-38D5-4782-966A-1D52D1CE6DAD}.Release|Any CPU.Build.0 = Release|Any CPU
		{78FECF4D-38D5-4782-966A-1D52D1CE6DAD}.Release|x64.ActiveCfg = Release|Any CPU
		{78FECF4D-38D5-4782-966A-1D52D1CE6DAD}.Release|x64.Build.0 = Release|Any CPU
		{78FECF4D-38D5-4782-966A-1D52D1CE6DAD}.Release|x86.ActiveCfg = Release|Any CPU
		{78FECF4D-38D5-4782-966A-1D52D1CE6DAD}.Release|x86.Build.0 = Release|Any CPU
		{A027F792-C1EA-4CC1-8CDE-2DE18485CED2}.Debug|Any CPU.ActiveCfg = Debug|Any CPU
		{A027F792-C1EA-4CC1-8CDE-2DE18485CED2}.Debug|Any CPU.Build.0 = Debug|Any CPU
		{A027F792-C1EA-4CC1-8CDE-2DE18485CED2}.Debug|x64.ActiveCfg = Debug|Any CPU
		{A027F792-C1EA-4CC1-8CDE-2DE18485CED2}.Debug|x64.Build.0 = Debug|Any CPU
		{A027F792-C1EA-4CC1-8CDE-2DE18485CED2}.Debug|x86.ActiveCfg = Debug|Any CPU
		{A027F792-C1EA-4CC1-8CDE-2DE18485CED2}.Debug|x86.Build.0 = Debug|Any CPU
		{A027F792-C1EA-4CC1-8CDE-2DE18485CED2}.Release|Any CPU.ActiveCfg = Release|Any CPU
		{A027F792-C1EA-4CC1-8CDE-2DE18485CED2}.Release|Any CPU.Build.0 = Release|Any CPU
		{A027F792-C1EA-4CC1-8CDE-2DE18485CED2}.Release|x64.ActiveCfg = Release|Any CPU
		{A027F792-C1EA-4CC1-8CDE-2DE18485CED2}.Release|x64.Build.0 = Release|Any CPU
		{A027F792-C1EA-4CC1-8CDE-2DE18485CED2}.Release|x86.ActiveCfg = Release|Any CPU
		{A027F792-C1EA-4CC1-8CDE-2DE18485CED2}.Release|x86.Build.0 = Release|Any CPU
		{867DCF32-B6BA-4E94-A079-DB831FA73C45}.Debug|Any CPU.ActiveCfg = Debug|Any CPU
		{867DCF32-B6BA-4E94-A079-DB831FA73C45}.Debug|Any CPU.Build.0 = Debug|Any CPU
		{867DCF32-B6BA-4E94-A079-DB831FA73C45}.Debug|x64.ActiveCfg = Debug|Any CPU
		{867DCF32-B6BA-4E94-A079-DB831FA73C45}.Debug|x64.Build.0 = Debug|Any CPU
		{867DCF32-B6BA-4E94-A079-DB831FA73C45}.Debug|x86.ActiveCfg = Debug|Any CPU
		{867DCF32-B6BA-4E94-A079-DB831FA73C45}.Debug|x86.Build.0 = Debug|Any CPU
		{867DCF32-B6BA-4E94-A079-DB831FA73C45}.Release|Any CPU.ActiveCfg = Release|Any CPU
		{867DCF32-B6BA-4E94-A079-DB831FA73C45}.Release|Any CPU.Build.0 = Release|Any CPU
		{867DCF32-B6BA-4E94-A079-DB831FA73C45}.Release|x64.ActiveCfg = Release|Any CPU
		{867DCF32-B6BA-4E94-A079-DB831FA73C45}.Release|x64.Build.0 = Release|Any CPU
		{867DCF32-B6BA-4E94-A079-DB831FA73C45}.Release|x86.ActiveCfg = Release|Any CPU
		{867DCF32-B6BA-4E94-A079-DB831FA73C45}.Release|x86.Build.0 = Release|Any CPU
		{57F48172-BF9D-4777-8E7F-E0CB2B565C6D}.Debug|Any CPU.ActiveCfg = Debug|Any CPU
		{57F48172-BF9D-4777-8E7F-E0CB2B565C6D}.Debug|Any CPU.Build.0 = Debug|Any CPU
		{57F48172-BF9D-4777-8E7F-E0CB2B565C6D}.Debug|x64.ActiveCfg = Debug|Any CPU
		{57F48172-BF9D-4777-8E7F-E0CB2B565C6D}.Debug|x64.Build.0 = Debug|Any CPU
		{57F48172-BF9D-4777-8E7F-E0CB2B565C6D}.Debug|x86.ActiveCfg = Debug|Any CPU
		{57F48172-BF9D-4777-8E7F-E0CB2B565C6D}.Debug|x86.Build.0 = Debug|Any CPU
		{57F48172-BF9D-4777-8E7F-E0CB2B565C6D}.Release|Any CPU.ActiveCfg = Release|Any CPU
		{57F48172-BF9D-4777-8E7F-E0CB2B565C6D}.Release|Any CPU.Build.0 = Release|Any CPU
		{57F48172-BF9D-4777-8E7F-E0CB2B565C6D}.Release|x64.ActiveCfg = Release|Any CPU
		{57F48172-BF9D-4777-8E7F-E0CB2B565C6D}.Release|x64.Build.0 = Release|Any CPU
		{57F48172-BF9D-4777-8E7F-E0CB2B565C6D}.Release|x86.ActiveCfg = Release|Any CPU
		{57F48172-BF9D-4777-8E7F-E0CB2B565C6D}.Release|x86.Build.0 = Release|Any CPU
		{78F40A7D-86FF-459C-A534-26E966DCDB86}.Debug|Any CPU.ActiveCfg = Debug|Any CPU
		{78F40A7D-86FF-459C-A534-26E966DCDB86}.Debug|Any CPU.Build.0 = Debug|Any CPU
		{78F40A7D-86FF-459C-A534-26E966DCDB86}.Debug|x64.ActiveCfg = Debug|Any CPU
		{78F40A7D-86FF-459C-A534-26E966DCDB86}.Debug|x64.Build.0 = Debug|Any CPU
		{78F40A7D-86FF-459C-A534-26E966DCDB86}.Debug|x86.ActiveCfg = Debug|Any CPU
		{78F40A7D-86FF-459C-A534-26E966DCDB86}.Debug|x86.Build.0 = Debug|Any CPU
		{78F40A7D-86FF-459C-A534-26E966DCDB86}.Release|Any CPU.ActiveCfg = Release|Any CPU
		{78F40A7D-86FF-459C-A534-26E966DCDB86}.Release|Any CPU.Build.0 = Release|Any CPU
		{78F40A7D-86FF-459C-A534-26E966DCDB86}.Release|x64.ActiveCfg = Release|Any CPU
		{78F40A7D-86FF-459C-A534-26E966DCDB86}.Release|x64.Build.0 = Release|Any CPU
		{78F40A7D-86FF-459C-A534-26E966DCDB86}.Release|x86.ActiveCfg = Release|Any CPU
		{78F40A7D-86FF-459C-A534-26E966DCDB86}.Release|x86.Build.0 = Release|Any CPU
		{B2CA4128-3740-4B5D-948A-5C0820E85B83}.Debug|Any CPU.ActiveCfg = Debug|Any CPU
		{B2CA4128-3740-4B5D-948A-5C0820E85B83}.Debug|Any CPU.Build.0 = Debug|Any CPU
		{B2CA4128-3740-4B5D-948A-5C0820E85B83}.Debug|x64.ActiveCfg = Debug|Any CPU
		{B2CA4128-3740-4B5D-948A-5C0820E85B83}.Debug|x64.Build.0 = Debug|Any CPU
		{B2CA4128-3740-4B5D-948A-5C0820E85B83}.Debug|x86.ActiveCfg = Debug|Any CPU
		{B2CA4128-3740-4B5D-948A-5C0820E85B83}.Debug|x86.Build.0 = Debug|Any CPU
		{B2CA4128-3740-4B5D-948A-5C0820E85B83}.Release|Any CPU.ActiveCfg = Release|Any CPU
		{B2CA4128-3740-4B5D-948A-5C0820E85B83}.Release|Any CPU.Build.0 = Release|Any CPU
		{B2CA4128-3740-4B5D-948A-5C0820E85B83}.Release|x64.ActiveCfg = Release|Any CPU
		{B2CA4128-3740-4B5D-948A-5C0820E85B83}.Release|x64.Build.0 = Release|Any CPU
		{B2CA4128-3740-4B5D-948A-5C0820E85B83}.Release|x86.ActiveCfg = Release|Any CPU
		{B2CA4128-3740-4B5D-948A-5C0820E85B83}.Release|x86.Build.0 = Release|Any CPU
		{ABBE823F-1AD7-4FAC-BF5B-8D575FE9AA03}.Debug|Any CPU.ActiveCfg = Debug|Any CPU
		{ABBE823F-1AD7-4FAC-BF5B-8D575FE9AA03}.Debug|Any CPU.Build.0 = Debug|Any CPU
		{ABBE823F-1AD7-4FAC-BF5B-8D575FE9AA03}.Debug|x64.ActiveCfg = Debug|Any CPU
		{ABBE823F-1AD7-4FAC-BF5B-8D575FE9AA03}.Debug|x64.Build.0 = Debug|Any CPU
		{ABBE823F-1AD7-4FAC-BF5B-8D575FE9AA03}.Debug|x86.ActiveCfg = Debug|Any CPU
		{ABBE823F-1AD7-4FAC-BF5B-8D575FE9AA03}.Debug|x86.Build.0 = Debug|Any CPU
		{ABBE823F-1AD7-4FAC-BF5B-8D575FE9AA03}.Release|Any CPU.ActiveCfg = Release|Any CPU
		{ABBE823F-1AD7-4FAC-BF5B-8D575FE9AA03}.Release|Any CPU.Build.0 = Release|Any CPU
		{ABBE823F-1AD7-4FAC-BF5B-8D575FE9AA03}.Release|x64.ActiveCfg = Release|Any CPU
		{ABBE823F-1AD7-4FAC-BF5B-8D575FE9AA03}.Release|x64.Build.0 = Release|Any CPU
		{ABBE823F-1AD7-4FAC-BF5B-8D575FE9AA03}.Release|x86.ActiveCfg = Release|Any CPU
		{ABBE823F-1AD7-4FAC-BF5B-8D575FE9AA03}.Release|x86.Build.0 = Release|Any CPU
		{F20D2673-99C9-447B-9468-5E87386146D9}.Debug|Any CPU.ActiveCfg = Debug|Any CPU
		{F20D2673-99C9-447B-9468-5E87386146D9}.Debug|Any CPU.Build.0 = Debug|Any CPU
		{F20D2673-99C9-447B-9468-5E87386146D9}.Debug|x64.ActiveCfg = Debug|Any CPU
		{F20D2673-99C9-447B-9468-5E87386146D9}.Debug|x64.Build.0 = Debug|Any CPU
		{F20D2673-99C9-447B-9468-5E87386146D9}.Debug|x86.ActiveCfg = Debug|Any CPU
		{F20D2673-99C9-447B-9468-5E87386146D9}.Debug|x86.Build.0 = Debug|Any CPU
		{F20D2673-99C9-447B-9468-5E87386146D9}.Release|Any CPU.ActiveCfg = Release|Any CPU
		{F20D2673-99C9-447B-9468-5E87386146D9}.Release|Any CPU.Build.0 = Release|Any CPU
		{F20D2673-99C9-447B-9468-5E87386146D9}.Release|x64.ActiveCfg = Release|Any CPU
		{F20D2673-99C9-447B-9468-5E87386146D9}.Release|x64.Build.0 = Release|Any CPU
		{F20D2673-99C9-447B-9468-5E87386146D9}.Release|x86.ActiveCfg = Release|Any CPU
		{F20D2673-99C9-447B-9468-5E87386146D9}.Release|x86.Build.0 = Release|Any CPU
		{873B2492-9C1D-4FB3-923B-0CDB2942F1BD}.Debug|Any CPU.ActiveCfg = Debug|Any CPU
		{873B2492-9C1D-4FB3-923B-0CDB2942F1BD}.Debug|Any CPU.Build.0 = Debug|Any CPU
		{873B2492-9C1D-4FB3-923B-0CDB2942F1BD}.Debug|x64.ActiveCfg = Debug|Any CPU
		{873B2492-9C1D-4FB3-923B-0CDB2942F1BD}.Debug|x64.Build.0 = Debug|Any CPU
		{873B2492-9C1D-4FB3-923B-0CDB2942F1BD}.Debug|x86.ActiveCfg = Debug|Any CPU
		{873B2492-9C1D-4FB3-923B-0CDB2942F1BD}.Debug|x86.Build.0 = Debug|Any CPU
		{873B2492-9C1D-4FB3-923B-0CDB2942F1BD}.Release|Any CPU.ActiveCfg = Release|Any CPU
		{873B2492-9C1D-4FB3-923B-0CDB2942F1BD}.Release|Any CPU.Build.0 = Release|Any CPU
		{873B2492-9C1D-4FB3-923B-0CDB2942F1BD}.Release|x64.ActiveCfg = Release|Any CPU
		{873B2492-9C1D-4FB3-923B-0CDB2942F1BD}.Release|x64.Build.0 = Release|Any CPU
		{873B2492-9C1D-4FB3-923B-0CDB2942F1BD}.Release|x86.ActiveCfg = Release|Any CPU
		{873B2492-9C1D-4FB3-923B-0CDB2942F1BD}.Release|x86.Build.0 = Release|Any CPU
		{DF6DAD48-DB40-4B53-A07E-A94F4CEFF1E3}.Debug|Any CPU.ActiveCfg = Debug|Any CPU
		{DF6DAD48-DB40-4B53-A07E-A94F4CEFF1E3}.Debug|Any CPU.Build.0 = Debug|Any CPU
		{DF6DAD48-DB40-4B53-A07E-A94F4CEFF1E3}.Debug|x64.ActiveCfg = Debug|Any CPU
		{DF6DAD48-DB40-4B53-A07E-A94F4CEFF1E3}.Debug|x64.Build.0 = Debug|Any CPU
		{DF6DAD48-DB40-4B53-A07E-A94F4CEFF1E3}.Debug|x86.ActiveCfg = Debug|Any CPU
		{DF6DAD48-DB40-4B53-A07E-A94F4CEFF1E3}.Debug|x86.Build.0 = Debug|Any CPU
		{DF6DAD48-DB40-4B53-A07E-A94F4CEFF1E3}.Release|Any CPU.ActiveCfg = Release|Any CPU
		{DF6DAD48-DB40-4B53-A07E-A94F4CEFF1E3}.Release|Any CPU.Build.0 = Release|Any CPU
		{DF6DAD48-DB40-4B53-A07E-A94F4CEFF1E3}.Release|x64.ActiveCfg = Release|Any CPU
		{DF6DAD48-DB40-4B53-A07E-A94F4CEFF1E3}.Release|x64.Build.0 = Release|Any CPU
		{DF6DAD48-DB40-4B53-A07E-A94F4CEFF1E3}.Release|x86.ActiveCfg = Release|Any CPU
		{DF6DAD48-DB40-4B53-A07E-A94F4CEFF1E3}.Release|x86.Build.0 = Release|Any CPU
		{6E218040-630B-4341-B74C-2AE91F8FAE04}.Debug|Any CPU.ActiveCfg = Debug|Any CPU
		{6E218040-630B-4341-B74C-2AE91F8FAE04}.Debug|Any CPU.Build.0 = Debug|Any CPU
		{6E218040-630B-4341-B74C-2AE91F8FAE04}.Debug|x64.ActiveCfg = Debug|Any CPU
		{6E218040-630B-4341-B74C-2AE91F8FAE04}.Debug|x64.Build.0 = Debug|Any CPU
		{6E218040-630B-4341-B74C-2AE91F8FAE04}.Debug|x86.ActiveCfg = Debug|Any CPU
		{6E218040-630B-4341-B74C-2AE91F8FAE04}.Debug|x86.Build.0 = Debug|Any CPU
		{6E218040-630B-4341-B74C-2AE91F8FAE04}.Release|Any CPU.ActiveCfg = Release|Any CPU
		{6E218040-630B-4341-B74C-2AE91F8FAE04}.Release|Any CPU.Build.0 = Release|Any CPU
		{6E218040-630B-4341-B74C-2AE91F8FAE04}.Release|x64.ActiveCfg = Release|Any CPU
		{6E218040-630B-4341-B74C-2AE91F8FAE04}.Release|x64.Build.0 = Release|Any CPU
		{6E218040-630B-4341-B74C-2AE91F8FAE04}.Release|x86.ActiveCfg = Release|Any CPU
		{6E218040-630B-4341-B74C-2AE91F8FAE04}.Release|x86.Build.0 = Release|Any CPU
	EndGlobalSection
	GlobalSection(SolutionProperties) = preSolution
		HideSolutionNode = FALSE
	EndGlobalSection
	GlobalSection(NestedProjects) = preSolution
		{5E60D1FC-8BF6-C485-2162-7273D077F39E} = {E34FE7DF-E823-91FC-26CE-DC3F33A9AAE2}
		{BDF7BD50-6F36-E209-F878-4C57FB68AA6D} = {5E60D1FC-8BF6-C485-2162-7273D077F39E}
		{36C96766-5EC6-4D21-8C5F-D3E3C3DFC102} = {BDF7BD50-6F36-E209-F878-4C57FB68AA6D}
		{9825BA05-4924-C442-CAC9-D2109DB7C49A} = {E34FE7DF-E823-91FC-26CE-DC3F33A9AAE2}
		{4B10FFD7-7498-C8C7-8FC9-A555F42BCA83} = {9825BA05-4924-C442-CAC9-D2109DB7C49A}
		{78FECF4D-38D5-4782-966A-1D52D1CE6DAD} = {4B10FFD7-7498-C8C7-8FC9-A555F42BCA83}
		{A027F792-C1EA-4CC1-8CDE-2DE18485CED2} = {4B10FFD7-7498-C8C7-8FC9-A555F42BCA83}
		{D9CB1030-2473-D3BE-1C7C-6761CE16C84E} = {E34FE7DF-E823-91FC-26CE-DC3F33A9AAE2}
		{3BA9F8E6-9472-EB56-7B16-785C908D72C5} = {D9CB1030-2473-D3BE-1C7C-6761CE16C84E}
		{867DCF32-B6BA-4E94-A079-DB831FA73C45} = {3BA9F8E6-9472-EB56-7B16-785C908D72C5}
		{A23995BC-B8A6-243F-3FE4-F75F202E2FF9} = {E34FE7DF-E823-91FC-26CE-DC3F33A9AAE2}
		{2D115053-B6C5-113E-F3A1-8A63898C5950} = {A23995BC-B8A6-243F-3FE4-F75F202E2FF9}
		{57F48172-BF9D-4777-8E7F-E0CB2B565C6D} = {2D115053-B6C5-113E-F3A1-8A63898C5950}
		{A59DBA4B-394D-A497-7223-4F08BE606F99} = {E34FE7DF-E823-91FC-26CE-DC3F33A9AAE2}
		{5B833F70-BB68-EF27-FBD1-4930257F5E5F} = {A59DBA4B-394D-A497-7223-4F08BE606F99}
		{78F40A7D-86FF-459C-A534-26E966DCDB86} = {5B833F70-BB68-EF27-FBD1-4930257F5E5F}
		{B90CC9C9-2F6D-5796-A6D6-346347A24271} = {E34FE7DF-E823-91FC-26CE-DC3F33A9AAE2}
		{79948F0F-F97F-031D-5F07-69B882E031AE} = {B90CC9C9-2F6D-5796-A6D6-346347A24271}
		{B2CA4128-3740-4B5D-948A-5C0820E85B83} = {79948F0F-F97F-031D-5F07-69B882E031AE}
		{08091D38-6067-3F5A-65E4-EDA3B2D9BBBE} = {E34FE7DF-E823-91FC-26CE-DC3F33A9AAE2}
		{27C2BE5D-3A17-954A-0EEF-8F9E662CE1BD} = {08091D38-6067-3F5A-65E4-EDA3B2D9BBBE}
		{ABBE823F-1AD7-4FAC-BF5B-8D575FE9AA03} = {27C2BE5D-3A17-954A-0EEF-8F9E662CE1BD}
		{F20D2673-99C9-447B-9468-5E87386146D9} = {27C2BE5D-3A17-954A-0EEF-8F9E662CE1BD}
		{873B2492-9C1D-4FB3-923B-0CDB2942F1BD} = {27C2BE5D-3A17-954A-0EEF-8F9E662CE1BD}
		{F228367D-FAC5-5D54-2DC8-B5487C60280D} = {E34FE7DF-E823-91FC-26CE-DC3F33A9AAE2}
		{23BCF1E1-FB2A-531D-C565-644C33C72B15} = {F228367D-FAC5-5D54-2DC8-B5487C60280D}
		{DF6DAD48-DB40-4B53-A07E-A94F4CEFF1E3} = {23BCF1E1-FB2A-531D-C565-644C33C72B15}
		{89154C5F-4336-ECBA-CF6F-79D9D01080B1} = {E34FE7DF-E823-91FC-26CE-DC3F33A9AAE2}
		{3E06F328-BAED-94AA-59B9-6866C21B51C4} = {89154C5F-4336-ECBA-CF6F-79D9D01080B1}
		{6E218040-630B-4341-B74C-2AE91F8FAE04} = {3E06F328-BAED-94AA-59B9-6866C21B51C4}
	EndGlobalSection
EndGlobal
